
Microsoft Visual Studio Solution File, Format Version 12.00
# Visual Studio Version 16
VisualStudioVersion = 16.0.30114.105
MinimumVisualStudioVersion = 10.0.40219.1
Project("{FAE04EC0-301F-11D3-BF4B-00C04F79EFBC}") = "EnglishTelegramBot", "EnglishTelegramBot\EnglishTelegramBot.csproj", "{4E56024F-FC82-44D0-BEB9-F7C8B829F865}"
EndProject
Global
	GlobalSection(SolutionConfigurationPlatforms) = preSolution
		Debug|Any CPU = Debug|Any CPU
		Release|Any CPU = Release|Any CPU
	EndGlobalSection
	GlobalSection(ProjectConfigurationPlatforms) = postSolution
		{4E56024F-FC82-44D0-BEB9-F7C8B829F865}.Debug|Any CPU.ActiveCfg = Debug|Any CPU
		{4E56024F-FC82-44D0-BEB9-F7C8B829F865}.Debug|Any CPU.Build.0 = Debug|Any CPU
		{4E56024F-FC82-44D0-BEB9-F7C8B829F865}.Release|Any CPU.ActiveCfg = Release|Any CPU
		{4E56024F-FC82-44D0-BEB9-F7C8B829F865}.Release|Any CPU.Build.0 = Release|Any CPU
	EndGlobalSection
	GlobalSection(SolutionProperties) = preSolution
		HideSolutionNode = FALSE
	EndGlobalSection
	GlobalSection(ExtensibilityGlobals) = postSolution
		SolutionGuid = {1AC1D4EE-DF69-44B1-B11F-FA6A898D77C5}
	EndGlobalSection
EndGlobal
